
Microsoft Visual Studio Solution File, Format Version 12.00
# Visual Studio Version 17
VisualStudioVersion = 17.13.35931.197
MinimumVisualStudioVersion = 10.0.40219.1
Project("{FAE04EC0-301F-11D3-BF4B-00C04F79EFBC}") = "Publisher", "Publisher\Publisher.csproj", "{4F33CCDF-EF88-4659-98A9-9D93FA74071E}"
EndProject
Project("{FAE04EC0-301F-11D3-BF4B-00C04F79EFBC}") = "Subscriber", "Subscriber\Subscriber.csproj", "{FF3D1A7C-9E08-4FE7-B83E-35AADDD948D2}"
EndProject
Global
	GlobalSection(SolutionConfigurationPlatforms) = preSolution
		Debug|Any CPU = Debug|Any CPU
		Release|Any CPU = Release|Any CPU
	EndGlobalSection
	GlobalSection(ProjectConfigurationPlatforms) = postSolution
		{4F33CCDF-EF88-4659-98A9-9D93FA74071E}.Debug|Any CPU.ActiveCfg = Debug|Any CPU
		{4F33CCDF-EF88-4659-98A9-9D93FA74071E}.Debug|Any CPU.Build.0 = Debug|Any CPU
		{4F33CCDF-EF88-4659-98A9-9D93FA74071E}.Release|Any CPU.ActiveCfg = Release|Any CPU
		{4F33CCDF-EF88-4659-98A9-9D93FA74071E}.Release|Any CPU.Build.0 = Release|Any CPU
		{FF3D1A7C-9E08-4FE7-B83E-35AADDD948D2}.Debug|Any CPU.ActiveCfg = Debug|Any CPU
		{FF3D1A7C-9E08-4FE7-B83E-35AADDD948D2}.Debug|Any CPU.Build.0 = Debug|Any CPU
		{FF3D1A7C-9E08-4FE7-B83E-35AADDD948D2}.Release|Any CPU.ActiveCfg = Release|Any CPU
		{FF3D1A7C-9E08-4FE7-B83E-35AADDD948D2}.Release|Any CPU.Build.0 = Release|Any CPU
	EndGlobalSection
	GlobalSection(SolutionProperties) = preSolution
		HideSolutionNode = FALSE
	EndGlobalSection
	GlobalSection(ExtensibilityGlobals) = postSolution
		SolutionGuid = {044A37E0-48D6-44AB-A2A5-070D384A43C1}
	EndGlobalSection
EndGlobal
